PODS:
  - Alamofire (4.8.2)
  - Moya (11.0.2):
    - Moya/Core (= 11.0.2)
  - Moya-ObjectMapper (2.7):
    - Moya-ObjectMapper/Core (= 2.7)
  - Moya-ObjectMapper/Core (2.7):
    - Moya (~> 11)
    - ObjectMapper (~> 3.3)
  - Moya/Core (11.0.2):
    - Alamofire (~> 4.1)
    - Result (~> 3.0)
  - Moya/RxSwift (11.0.2):
    - Moya/Core
    - RxSwift (~> 4.0)
  - ObjectMapper (3.5.1)
  - Result (3.2.4)
  - RxSwift (4.5.0)
  - SnapKit (4.2.0)

DEPENDENCIES:
  - Moya-ObjectMapper
  - Moya/RxSwift (~> 11.0)
  - SnapKit (~> 4.0)

SPEC REPOS:
  https://github.com/cocoapods/specs.git:
    - Alamofire
    - Moya
    - Moya-ObjectMapper
    - ObjectMapper
    - Result
    - RxSwift
    - SnapKit

SPEC CHECKSUMS:
  Alamofire: ae5c501addb7afdbb13687d7f2f722c78734c2d3
  Moya: a725035953bc1c0eb1be505ab903984501d82440
  Moya-ObjectMapper: 441caa307b527331fde59e2577adc632a16f1255
  ObjectMapper: 70187b8941977c62ccfb423caf6b50be405cabf0
  Result: d2d07204ce72856f1fd9130bbe42c35a7b0fea10
  RxSwift: f172070dfd1a93d70a9ab97a5a01166206e1c575
  SnapKit: fe8a619752f3f27075cc9a90244d75c6c3f27e2a

PODFILE CHECKSUM: 1ea0b3ce421b0859d28ef1bcad571fd788ce6b9b

COCOAPODS: 1.6.1
